
Microsoft Visual Studio Solution File, Format Version 12.00
# Visual Studio 2012
Project("{FAE04EC0-301F-11D3-BF4B-00C04F79EFBC}") = "WindowsFormsApplication2", "WindowsFormsApplication2\WindowsFormsApplication2.csproj", "{8B05983B-0105-4D6D-BC87-DC60F9097C36}"
EndProject
Global
	GlobalSection(SolutionConfigurationPlatforms) = preSolution
		Debug|Any CPU = Debug|Any CPU
		Release|Any CPU = Release|Any CPU
	EndGlobalSection
	GlobalSection(ProjectConfigurationPlatforms) = postSolution
		{8B05983B-0105-4D6D-BC87-DC60F9097C36}.Debug|Any CPU.ActiveCfg = Debug|Any CPU
		{8B05983B-0105-4D6D-BC87-DC60F9097C36}.Debug|Any CPU.Build.0 = Debug|Any CPU
		{8B05983B-0105-4D6D-BC87-DC60F9097C36}.Release|Any CPU.ActiveCfg = Release|Any CPU
		{8B05983B-0105-4D6D-BC87-DC60F9097C36}.Release|Any CPU.Build.0 = Release|Any CPU
	EndGlobalSection
	GlobalSection(SolutionProperties) = preSolution
		HideSolutionNode = FALSE
	EndGlobalSection
EndGlobal
